
Microsoft Visual Studio Solution File, Format Version 12.00
# Visual Studio Version 16
VisualStudioVersion = 16.0.29721.120
MinimumVisualStudioVersion = 10.0.40219.1
Project("{9A19103F-16F7-4668-BE54-9A1E7A4F7556}") = "HTMLTemplate", "HTMLTemplate.core\HTMLTemplate.csproj", "{2E5EC932-2B77-46C1-ACD2-68144EEBE933}"
EndProject
Project("{FAE04EC0-301F-11D3-BF4B-00C04F79EFBC}") = "HTMLTemplate.core.BL", "HTMLTemplate.core.BL\HTMLTemplate.core.BL.csproj", "{5607221B-CAC0-4B6D-BD21-05A48A8B15EE}"
EndProject
Global
	GlobalSection(SolutionConfigurationPlatforms) = preSolution
		Debug|Any CPU = Debug|Any CPU
		Release|Any CPU = Release|Any CPU
	EndGlobalSection
	GlobalSection(ProjectConfigurationPlatforms) = postSolution
		{2E5EC932-2B77-46C1-ACD2-68144EEBE933}.Debug|Any CPU.ActiveCfg = Debug|Any CPU
		{2E5EC932-2B77-46C1-ACD2-68144EEBE933}.Debug|Any CPU.Build.0 = Debug|Any CPU
		{2E5EC932-2B77-46C1-ACD2-68144EEBE933}.Release|Any CPU.ActiveCfg = Release|Any CPU
		{2E5EC932-2B77-46C1-ACD2-68144EEBE933}.Release|Any CPU.Build.0 = Release|Any CPU
		{5607221B-CAC0-4B6D-BD21-05A48A8B15EE}.Debug|Any CPU.ActiveCfg = Debug|Any CPU
		{5607221B-CAC0-4B6D-BD21-05A48A8B15EE}.Debug|Any CPU.Build.0 = Debug|Any CPU
		{5607221B-CAC0-4B6D-BD21-05A48A8B15EE}.Release|Any CPU.ActiveCfg = Release|Any CPU
		{5607221B-CAC0-4B6D-BD21-05A48A8B15EE}.Release|Any CPU.Build.0 = Release|Any CPU
	EndGlobalSection
	GlobalSection(SolutionProperties) = preSolution
		HideSolutionNode = FALSE
	EndGlobalSection
	GlobalSection(ExtensibilityGlobals) = postSolution
		SolutionGuid = {65344DD1-83CF-421F-9C95-A876C8F2B11B}
	EndGlobalSection
EndGlobal
